
Microsoft Visual Studio Solution File, Format Version 12.00
# Visual Studio Version 17
VisualStudioVersion = 17.6.33829.357
MinimumVisualStudioVersion = 10.0.40219.1
Project("{FAE04EC0-301F-11D3-BF4B-00C04F79EFBC}") = "Casgem_Portfolio", "Casgem_Portfolio\Casgem_Portfolio.csproj", "{3E97DA63-E720-45E3-A592-403C25CEAB68}"
EndProject
Global
	GlobalSection(SolutionConfigurationPlatforms) = preSolution
		Debug|Any CPU = Debug|Any CPU
		Release|Any CPU = Release|Any CPU
	EndGlobalSection
	GlobalSection(ProjectConfigurationPlatforms) = postSolution
		{3E97DA63-E720-45E3-A592-403C25CEAB68}.Debug|Any CPU.ActiveCfg = Debug|Any CPU
		{3E97DA63-E720-45E3-A592-403C25CEAB68}.Debug|Any CPU.Build.0 = Debug|Any CPU
		{3E97DA63-E720-45E3-A592-403C25CEAB68}.Release|Any CPU.ActiveCfg = Release|Any CPU
		{3E97DA63-E720-45E3-A592-403C25CEAB68}.Release|Any CPU.Build.0 = Release|Any CPU
	EndGlobalSection
	GlobalSection(SolutionProperties) = preSolution
		HideSolutionNode = FALSE
	EndGlobalSection
	GlobalSection(ExtensibilityGlobals) = postSolution
		SolutionGuid = {0E4EE8B3-E1CD-4E3D-B3FE-E50719A63A0B}
	EndGlobalSection
EndGlobal
